// !$*UTF8*$!
{
	archiveVersion = 1;
	classes = {
	};
	objectVersion = 50;
	objects = {

/* Begin PBXBuildFile section */
		CD97A7BC23A7BD3700956B3F /* DisplayViewController.swift in Sources */ = {isa = PBXBuildFile; fileRef = CD97A7BB23A7BD3700956B3F /* DisplayViewController.swift */; };
		CDB227AD23A50C2600831254 /* AppDelegate.swift in Sources */ = {isa = PBXBuildFile; fileRef = CDB227AC23A50C2600831254 /* AppDelegate.swift */; };
		CDB227AF23A50C2600831254 /* ViewController.swift in Sources */ = {isa = PBXBuildFile; fileRef = CDB227AE23A50C2600831254 /* ViewController.swift */; };
		CDB227B223A50C2600831254 /* Main.storyboard in Resources */ = {isa = PBXBuildFile; fileRef = CDB227B023A50C2600831254 /* Main.storyboard */; };
		CDB227B423A50C2800831254 /* Assets.xcassets in Resources */ = {isa = PBXBuildFile; fileRef = CDB227B323A50C2800831254 /* Assets.xcassets */; };
		CDB227B723A50C2800831254 /* LaunchScreen.storyboard in Resources */ = {isa = PBXBuildFile; fileRef = CDB227B523A50C2800831254 /* LaunchScreen.storyboard */; };
		CDB227C223A50C2800831254 /* NewsDetailsAppTests.swift in Sources */ = {isa = PBXBuildFile; fileRef = CDB227C123A50C2800831254 /* NewsDetailsAppTests.swift */; };
		CDB227CD23A50C2800831254 /* NewsDetailsAppUITests.swift in Sources */ = {isa = PBXBuildFile; fileRef = CDB227CC23A50C2800831254 /* NewsDetailsAppUITests.swift */; };
		CDB227DB23A50D5300831254 /* CustomTableViewCell.swift in Sources */ = {isa = PBXBuildFile; fileRef = CDB227DA23A50D5300831254 /* CustomTableViewCell.swift */; };
		CDB227DF23A514FD00831254 /* RootClass.swift in Sources */ = {isa = PBXBuildFile; fileRef = CDB227DE23A514FD00831254 /* RootClass.swift */; };
		CDB227E123A5152C00831254 /* Articles.swift in Sources */ = {isa = PBXBuildFile; fileRef = CDB227E023A5152C00831254 /* Articles.swift */; };
		CDB227E323A5155500831254 /* Source.swift in Sources */ = {isa = PBXBuildFile; fileRef = CDB227E223A5155500831254 /* Source.swift */; };
/* End PBXBuildFile section */

/* Begin PBXContainerItemProxy section */
		CDB227BE23A50C2800831254 /* PBXContainerItemProxy */ = {
			isa = PBXContainerItemProxy;
			containerPortal = CDB227A123A50C2600831254 /* Project object */;
			proxyType = 1;
			remoteGlobalIDString = CDB227A823A50C2600831254;
			remoteInfo = NewsDetailsApp;
		};
		CDB227C923A50C2800831254 /* PBXContainerItemProxy */ = {
			isa = PBXContainerItemProxy;
			containerPortal = CDB227A123A50C2600831254 /* Project object */;
			proxyType = 1;
			remoteGlobalIDString = CDB227A823A50C2600831254;
			remoteInfo = NewsDetailsApp;
		};
/* End PBXContainerItemProxy section */

/* Begin PBXFileReference section */
		CD97A7BB23A7BD3700956B3F /* DisplayViewController.swift */ = {isa = PBXFileReference; lastKnownFileType = sourcecode.swift; path = DisplayViewController.swift; sourceTree = "<group>"; };
		CDB227A923A50C2600831254 /* NewsDetailsApp.app */ = {isa = PBXFileReference; explicitFileType = wrapper.application; includeInIndex = 0; path = NewsDetailsApp.app; sourceTree = BUILT_PRODUCTS_DIR; };
		CDB227AC23A50C2600831254 /* AppDelegate.swift */ = {isa = PBXFileReference; lastKnownFileType = sourcecode.swift; path = AppDelegate.swift; sourceTree = "<group>"; };
		CDB227AE23A50C2600831254 /* ViewController.swift */ = {isa = PBXFileReference; lastKnownFileType = sourcecode.swift; path = ViewController.swift; sourceTree = "<group>"; };
		CDB227B123A50C2600831254 /* Base */ = {isa = PBXFileReference; lastKnownFileType = file.storyboard; name = Base; path = Base.lproj/Main.storyboard; sourceTree = "<group>"; };
		CDB227B323A50C2800831254 /* Assets.xcassets */ = {isa = PBXFileReference; lastKnownFileType = folder.assetcatalog; path = Assets.xcassets; sourceTree = "<group>"; };
		CDB227B623A50C2800831254 /* Base */ = {isa = PBXFileReference; lastKnownFileType = file.storyboard; name = Base; path = Base.lproj/LaunchScreen.storyboard; sourceTree = "<group>"; };
		CDB227B823A50C2800831254 /* Info.plist */ = {isa = PBXFileReference; lastKnownFileType = text.plist.xml; path = Info.plist; sourceTree = "<group>"; };
		CDB227BD23A50C2800831254 /* NewsDetailsAppTests.xctest */ = {isa = PBXFileReference; explicitFileType = wrapper.cfbundle; includeInIndex = 0; path = NewsDetailsAppTests.xctest; sourceTree = BUILT_PRODUCTS_DIR; };
		CDB227C123A50C2800831254 /* NewsDetailsAppTests.swift */ = {isa = PBXFileReference; lastKnownFileType = sourcecode.swift; path = NewsDetailsAppTests.swift; sourceTree = "<group>"; };
		CDB227C323A50C2800831254 /* Info.plist */ = {isa = PBXFileReference; lastKnownFileType = text.plist.xml; path = Info.plist; sourceTree = "<group>"; };
		CDB227C823A50C2800831254 /* NewsDetailsAppUITests.xctest */ = {isa = PBXFileReference; explicitFileType = wrapper.cfbundle; includeInIndex = 0; path = NewsDetailsAppUITests.xctest; sourceTree = BUILT_PRODUCTS_DIR; };
		CDB227CC23A50C2800831254 /* NewsDetailsAppUITests.swift */ = {isa = PBXFileReference; lastKnownFileType = sourcecode.swift; path = NewsDetailsAppUITests.swift; sourceTree = "<group>"; };
		CDB227CE23A50C2800831254 /* Info.plist */ = {isa = PBXFileReference; lastKnownFileType = text.plist.xml; path = Info.plist; sourceTree = "<group>"; };
		CDB227DA23A50D5300831254 /* CustomTableViewCell.swift */ = {isa = PBXFileReference; lastKnownFileType = sourcecode.swift; path = CustomTableViewCell.swift; sourceTree = "<group>"; };
		CDB227DE23A514FD00831254 /* RootClass.swift */ = {isa = PBXFileReference; lastKnownFileType = sourcecode.swift; path = RootClass.swift; sourceTree = "<group>"; };
		CDB227E023A5152C00831254 /* Articles.swift */ = {isa = PBXFileReference; lastKnownFileType = sourcecode.swift; path = Articles.swift; sourceTree = "<group>"; };
		CDB227E223A5155500831254 /* Source.swift */ = {isa = PBXFileReference; lastKnownFileType = sourcecode.swift; path = Source.swift; sourceTree = "<group>"; };
/* End PBXFileReference section */

/* Begin PBXFrameworksBuildPhase section */
		CDB227A623A50C2600831254 /* Frameworks */ = {
			isa = PBXFrameworksBuildPhase;
			buildActionMask = 2147483647;
			files = (
			);
			runOnlyForDeploymentPostprocessing = 0;
		};
		CDB227BA23A50C2800831254 /* Frameworks */ = {
			isa = PBXFrameworksBuildPhase;
			buildActionMask = 2147483647;
			files = (
			);
			runOnlyForDeploymentPostprocessing = 0;
		};
		CDB227C523A50C2800831254 /* Frameworks */ = {
			isa = PBXFrameworksBuildPhase;
			buildActionMask = 2147483647;
			files = (
			);
			runOnlyForDeploymentPostprocessing = 0;
		};
/* End PBXFrameworksBuildPhase section */

/* Begin PBXGroup section */
		CD97A7BD23A7C37900956B3F /* Controller */ = {
			isa = PBXGroup;
			children = (
				CDB227AE23A50C2600831254 /* ViewController.swift */,
				CD97A7BB23A7BD3700956B3F /* DisplayViewController.swift */,
				CDB227DA23A50D5300831254 /* CustomTableViewCell.swift */,
			);
			path = Controller;
			sourceTree = "<group>";
		};
		CD97A7BF23A7C3AE00956B3F /* Model */ = {
			isa = PBXGroup;
			children = (
				CDB227DE23A514FD00831254 /* RootClass.swift */,
				CDB227E023A5152C00831254 /* Articles.swift */,
				CDB227E223A5155500831254 /* Source.swift */,
			);
			path = Model;
			sourceTree = "<group>";
		};
		CD97A7C023A7C3BD00956B3F /* View */ = {
			isa = PBXGroup;
			children = (
				CDB227AC23A50C2600831254 /* AppDelegate.swift */,
				CDB227B023A50C2600831254 /* Main.storyboard */,
				CDB227B323A50C2800831254 /* Assets.xcassets */,
				CDB227B523A50C2800831254 /* LaunchScreen.storyboard */,
			);
			path = View;
			sourceTree = "<group>";
		};
		CDB227A023A50C2600831254 = {
			isa = PBXGroup;
			children = (
				CDB227AB23A50C2600831254 /* NewsDetailsApp */,
				CDB227C023A50C2800831254 /* NewsDetailsAppTests */,
				CDB227CB23A50C2800831254 /* NewsDetailsAppUITests */,
				CDB227AA23A50C2600831254 /* Products */,
			);
			sourceTree = "<group>";
		};
		CDB227AA23A50C2600831254 /* Products */ = {
			isa = PBXGroup;
			children = (
				CDB227A923A50C2600831254 /* NewsDetailsApp.app */,
				CDB227BD23A50C2800831254 /* NewsDetailsAppTests.xctest */,
				CDB227C823A50C2800831254 /* NewsDetailsAppUITests.xctest */,
			);
			name = Products;
			sourceTree = "<group>";
		};
		CDB227AB23A50C2600831254 /* NewsDetailsApp */ = {
			isa = PBXGroup;
			children = (
				CDB227B823A50C2800831254 /* Info.plist */,
				CD97A7C023A7C3BD00956B3F /* View */,
				CD97A7BD23A7C37900956B3F /* Controller */,
				CD97A7BF23A7C3AE00956B3F /* Model */,
			);
			path = NewsDetailsApp;
			sourceTree = "<group>";
		};
		CDB227C023A50C2800831254 /* NewsDetailsAppTests */ = {
			isa = PBXGroup;
			children = (
				CDB227C123A50C2800831254 /* NewsDetailsAppTests.swift */,
				CDB227C323A50C2800831254 /* Info.plist */,
			);
			path = NewsDetailsAppTests;
			sourceTree = "<group>";
		};
		CDB227CB23A50C2800831254 /* NewsDetailsAppUITests */ = {
			isa = PBXGroup;
			children = (
				CDB227CC23A50C2800831254 /* NewsDetailsAppUITests.swift */,
				CDB227CE23A50C2800831254 /* Info.plist */,
			);
			path = NewsDetailsAppUITests;
			sourceTree = "<group>";
		};
/* End PBXGroup section */

/* Begin PBXNativeTarget section */
		CDB227A823A50C2600831254 /* NewsDetailsApp */ = {
			isa = PBXNativeTarget;
			buildConfigurationList = CDB227D123A50C2800831254 /* Build configuration list for PBXNativeTarget "NewsDetailsApp" */;
			buildPhases = (
				CDB227A523A50C2600831254 /* Sources */,
				CDB227A623A50C2600831254 /* Frameworks */,
				CDB227A723A50C2600831254 /* Resources */,
			);
			buildRules = (
			);
			dependencies = (
			);
			name = NewsDetailsApp;
			productName = NewsDetailsApp;
			productReference = CDB227A923A50C2600831254 /* NewsDetailsApp.app */;
			productType = "com.apple.product-type.application";
		};
		CDB227BC23A50C2800831254 /* NewsDetailsAppTests */ = {
			isa = PBXNativeTarget;
			buildConfigurationList = CDB227D423A50C2800831254 /* Build configuration list for PBXNativeTarget "NewsDetailsAppTests" */;
			buildPhases = (
				CDB227B923A50C2800831254 /* Sources */,
				CDB227BA23A50C2800831254 /* Frameworks */,
				CDB227BB23A50C2800831254 /* Resources */,
			);
			buildRules = (
			);
			dependencies = (
				CDB227BF23A50C2800831254 /* PBXTargetDependency */,
			);
			name = NewsDetailsAppTests;
			productName = NewsDetailsAppTests;
			productReference = CDB227BD23A50C2800831254 /* NewsDetailsAppTests.xctest */;
			productType = "com.apple.product-type.bundle.unit-test";
		};
		CDB227C723A50C2800831254 /* NewsDetailsAppUITests */ = {
			isa = PBXNativeTarget;
			buildConfigurationList = CDB227D723A50C2800831254 /* Build configuration list for PBXNativeTarget "NewsDetailsAppUITests" */;
			buildPhases = (
				CDB227C423A50C2800831254 /* Sources */,
				CDB227C523A50C2800831254 /* Frameworks */,
				CDB227C623A50C2800831254 /* Resources */,
			);
			buildRules = (
			);
			dependencies = (
				CDB227CA23A50C2800831254 /* PBXTargetDependency */,
			);
			name = NewsDetailsAppUITests;
			productName = NewsDetailsAppUITests;
			productReference = CDB227C823A50C2800831254 /* NewsDetailsAppUITests.xctest */;
			productType = "com.apple.product-type.bundle.ui-testing";
		};
/* End PBXNativeTarget section */

/* Begin PBXProject section */
		CDB227A123A50C2600831254 /* Project object */ = {
			isa = PBXProject;
			attributes = {
				LastSwiftUpdateCheck = 1010;
				LastUpgradeCheck = 1010;
				ORGANIZATIONNAME = "SYDULU THAPPETLA";
				TargetAttributes = {
					CDB227A823A50C2600831254 = {
						CreatedOnToolsVersion = 10.1;
					};
					CDB227BC23A50C2800831254 = {
						CreatedOnToolsVersion = 10.1;
						TestTargetID = CDB227A823A50C2600831254;
					};
					CDB227C723A50C2800831254 = {
						CreatedOnToolsVersion = 10.1;
						TestTargetID = CDB227A823A50C2600831254;
					};
				};
			};
			buildConfigurationList = CDB227A423A50C2600831254 /* Build configuration list for PBXProject "NewsDetailsApp" */;
			compatibilityVersion = "Xcode 9.3";
			developmentRegion = en;
			hasScannedForEncodings = 0;
			knownRegions = (
				en,
				Base,
			);
			mainGroup = CDB227A023A50C2600831254;
			productRefGroup = CDB227AA23A50C2600831254 /* Products */;
			projectDirPath = "";
			projectRoot = "";
			targets = (
				CDB227A823A50C2600831254 /* NewsDetailsApp */,
				CDB227BC23A50C2800831254 /* NewsDetailsAppTests */,
				CDB227C723A50C2800831254 /* NewsDetailsAppUITests */,
			);
		};
/* End PBXProject section */

/* Begin PBXResourcesBuildPhase section */
		CDB227A723A50C2600831254 /* Resources */ = {
			isa = PBXResourcesBuildPhase;
			buildActionMask = 2147483647;
			files = (
				CDB227B723A50C2800831254 /* LaunchScreen.storyboard in Resources */,
				CDB227B423A50C2800831254 /* Assets.xcassets in Resources */,
				CDB227B223A50C2600831254 /* Main.storyboard in Resources */,
			);
			runOnlyForDeploymentPostprocessing = 0;
		};
		CDB227BB23A50C2800831254 /* Resources */ = {
			isa = PBXResourcesBuildPhase;
			buildActionMask = 2147483647;
			files = (
			);
			runOnlyForDeploymentPostprocessing = 0;
		};
		CDB227C623A50C2800831254 /* Resources */ = {
			isa = PBXResourcesBuildPhase;
			buildActionMask = 2147483647;
			files = (
			);
			runOnlyForDeploymentPostprocessing = 0;
		};
/* End PBXResourcesBuildPhase section */

/* Begin PBXSourcesBuildPhase section */
		CDB227A523A50C2600831254 /* Sources */ = {
			isa = PBXSourcesBuildPhase;
			buildActionMask = 2147483647;
			files = (
				CDB227DF23A514FD00831254 /* RootClass.swift in Sources */,
				CD97A7BC23A7BD3700956B3F /* DisplayViewController.swift in Sources */,
				CDB227E123A5152C00831254 /* Articles.swift in Sources */,
				CDB227E323A5155500831254 /* Source.swift in Sources */,
				CDB227DB23A50D5300831254 /* CustomTableViewCell.swift in Sources */,
				CDB227AF23A50C2600831254 /* ViewController.swift in Sources */,
				CDB227AD23A50C2600831254 /* AppDelegate.swift in Sources */,
			);
			runOnlyForDeploymentPostprocessing = 0;
		};
		CDB227B923A50C2800831254 /* Sources */ = {
			isa = PBXSourcesBuildPhase;
			buildActionMask = 2147483647;
			files = (
				CDB227C223A50C2800831254 /* NewsDetailsAppTests.swift in Sources */,
			);
			runOnlyForDeploymentPostprocessing = 0;
		};
		CDB227C423A50C2800831254 /* Sources */ = {
			isa = PBXSourcesBuildPhase;
			buildActionMask = 2147483647;
			files = (
				CDB227CD23A50C2800831254 /* NewsDetailsAppUITests.swift in Sources */,
			);
			runOnlyForDeploymentPostprocessing = 0;
		};
/* End PBXSourcesBuildPhase section */

/* Begin PBXTargetDependency section */
		CDB227BF23A50C2800831254 /* PBXTargetDependency */ = {
			isa = PBXTargetDependency;
			target = CDB227A823A50C2600831254 /* NewsDetailsApp */;
			targetProxy = CDB227BE23A50C2800831254 /* PBXContainerItemProxy */;
		};
		CDB227CA23A50C2800831254 /* PBXTargetDependency */ = {
			isa = PBXTargetDependency;
			target = CDB227A823A50C2600831254 /* NewsDetailsApp */;
			targetProxy = CDB227C923A50C2800831254 /* PBXContainerItemProxy */;
		};
/* End PBXTargetDependency section */

/* Begin PBXVariantGroup section */
		CDB227B023A50C2600831254 /* Main.storyboard */ = {
			isa = PBXVariantGroup;
			children = (
				CDB227B123A50C2600831254 /* Base */,
			);
			name = Main.storyboard;
			sourceTree = "<group>";
		};
		CDB227B523A50C2800831254 /* LaunchScreen.storyboard */ = {
			isa = PBXVariantGroup;
			children = (
				CDB227B623A50C2800831254 /* Base */,
			);
			name = LaunchScreen.storyboard;
			sourceTree = "<group>";
		};
/* End PBXVariantGroup section */

/* Begin XCBuildConfiguration section */
		CDB227CF23A50C2800831254 /* Debug */ = {
			isa = XCBuildConfiguration;
			buildSettings = {
				ALWAYS_SEARCH_USER_PATHS = NO;
				CLANG_ANALYZER_NONNULL = YES;
				CLANG_ANALYZER_NUMBER_OBJECT_CONVERSION = YES_AGGRESSIVE;
				CLANG_CXX_LANGUAGE_STANDARD = "gnu++14";
				CLANG_CXX_LIBRARY = "libc++";
				CLANG_ENABLE_MODULES = YES;
				CLANG_ENABLE_OBJC_ARC = YES;
				CLANG_ENABLE_OBJC_WEAK = YES;
				CLANG_WARN_BLOCK_CAPTURE_AUTORELEASING = YES;
				CLANG_WARN_BOOL_CONVERSION = YES;
				CLANG_WARN_COMMA = YES;
				CLANG_WARN_CONSTANT_CONVERSION = YES;
				CLANG_WARN_DEPRECATED_OBJC_IMPLEMENTATIONS = YES;
				CLANG_WARN_DIRECT_OBJC_ISA_USAGE = YES_ERROR;
				CLANG_WARN_DOCUMENTATION_COMMENTS = YES;
				CLANG_WARN_EMPTY_BODY = YES;
				CLANG_WARN_ENUM_CONVERSION = YES;
				CLANG_WARN_INFINITE_RECURSION = YES;
				CLANG_WARN_INT_CONVERSION = YES;
				CLANG_WARN_NON_LITERAL_NULL_CONVERSION = YES;
				CLANG_WARN_OBJC_IMPLICIT_RETAIN_SELF = YES;
				CLANG_WARN_OBJC_LITERAL_CONVERSION = YES;
				CLANG_WARN_OBJC_ROOT_CLASS = YES_ERROR;
				CLANG_WARN_RANGE_LOOP_ANALYSIS = YES;
				CLANG_WARN_STRICT_PROTOTYPES = YES;
				CLANG_WARN_SUSPICIOUS_MOVE = YES;
				CLANG_WARN_UNGUARDED_AVAILABILITY = YES_AGGRESSIVE;
				CLANG_WARN_UNREACHABLE_CODE = YES;
				CLANG_WARN__DUPLICATE_METHOD_MATCH = YES;
				CODE_SIGN_IDENTITY = "iPhone Developer";
				COPY_PHASE_STRIP = NO;
				DEBUG_INFORMATION_FORMAT = dwarf;
				ENABLE_STRICT_OBJC_MSGSEND = YES;
				ENABLE_TESTABILITY = YES;
				GCC_C_LANGUAGE_STANDARD = gnu11;
				GCC_DYNAMIC_NO_PIC = NO;
				GCC_NO_COMMON_BLOCKS = YES;
				GCC_OPTIMIZATION_LEVEL = 0;
				GCC_PREPROCESSOR_DEFINITIONS = (
					"DEBUG=1",
					"$(inherited)",
				);
				GCC_WARN_64_TO_32_BIT_CONVERSION = YES;
				GCC_WARN_ABOUT_RETURN_TYPE = YES_ERROR;
				GCC_WARN_UNDECLARED_SELECTOR = YES;
				GCC_WARN_UNINITIALIZED_AUTOS = YES_AGGRESSIVE;
				GCC_WARN_UNUSED_FUNCTION = YES;
				GCC_WARN_UNUSED_VARIABLE = YES;
				IPHONEOS_DEPLOYMENT_TARGET = 12.1;
				MTL_ENABLE_DEBUG_INFO = INCLUDE_SOURCE;
				MTL_FAST_MATH = YES;
				ONLY_ACTIVE_ARCH = YES;
				SDKROOT = iphoneos;
				SWIFT_ACTIVE_COMPILATION_CONDITIONS = DEBUG;
				SWIFT_OPTIMIZATION_LEVEL = "-Onone";
			};
			name = Debug;
		};
		CDB227D023A50C2800831254 /* Release */ = {
			isa = XCBuildConfiguration;
			buildSettings = {
				ALWAYS_SEARCH_USER_PATHS = NO;
				CLANG_ANALYZER_NONNULL = YES;
				CLANG_ANALYZER_NUMBER_OBJECT_CONVERSION = YES_AGGRESSIVE;
				CLANG_CXX_LANGUAGE_STANDARD = "gnu++14";
				CLANG_CXX_LIBRARY = "libc++";
				CLANG_ENABLE_MODULES = YES;
				CLANG_ENABLE_OBJC_ARC = YES;
				CLANG_ENABLE_OBJC_WEAK = YES;
				CLANG_WARN_BLOCK_CAPTURE_AUTORELEASING = YES;
				CLANG_WARN_BOOL_CONVERSION = YES;
				CLANG_WARN_COMMA = YES;
				CLANG_WARN_CONSTANT_CONVERSION = YES;
				CLANG_WARN_DEPRECATED_OBJC_IMPLEMENTATIONS = YES;
				CLANG_WARN_DIRECT_OBJC_ISA_USAGE = YES_ERROR;
				CLANG_WARN_DOCUMENTATION_COMMENTS = YES;
				CLANG_WARN_EMPTY_BODY = YES;
				CLANG_WARN_ENUM_CONVERSION = YES;
				CLANG_WARN_INFINITE_RECURSION = YES;
				CLANG_WARN_INT_CONVERSION = YES;
				CLANG_WARN_NON_LITERAL_NULL_CONVERSION = YES;
				CLANG_WARN_OBJC_IMPLICIT_RETAIN_SELF = YES;
				CLANG_WARN_OBJC_LITERAL_CONVERSION = YES;
				CLANG_WARN_OBJC_ROOT_CLASS = YES_ERROR;
				CLANG_WARN_RANGE_LOOP_ANALYSIS = YES;
				CLANG_WARN_STRICT_PROTOTYPES = YES;
				CLANG_WARN_SUSPICIOUS_MOVE = YES;
				CLANG_WARN_UNGUARDED_AVAILABILITY = YES_AGGRESSIVE;
				CLANG_WARN_UNREACHABLE_CODE = YES;
				CLANG_WARN__DUPLICATE_METHOD_MATCH = YES;
				CODE_SIGN_IDENTITY = "iPhone Developer";
				COPY_PHASE_STRIP = NO;
				DEBUG_INFORMATION_FORMAT = "dwarf-with-dsym";
				ENABLE_NS_ASSERTIONS = NO;
				ENABLE_STRICT_OBJC_MSGSEND = YES;
				GCC_C_LANGUAGE_STANDARD = gnu11;
				GCC_NO_COMMON_BLOCKS = YES;
				GCC_WARN_64_TO_32_BIT_CONVERSION = YES;
				GCC_WARN_ABOUT_RETURN_TYPE = YES_ERROR;
				GCC_WARN_UNDECLARED_SELECTOR = YES;
				GCC_WARN_UNINITIALIZED_AUTOS = YES_AGGRESSIVE;
				GCC_WARN_UNUSED_FUNCTION = YES;
				GCC_WARN_UNUSED_VARIABLE = YES;
				IPHONEOS_DEPLOYMENT_TARGET = 12.1;
				MTL_ENABLE_DEBUG_INFO = NO;
				MTL_FAST_MATH = YES;
				SDKROOT = iphoneos;
				SWIFT_COMPILATION_MODE = wholemodule;
				SWIFT_OPTIMIZATION_LEVEL = "-O";
				VALIDATE_PRODUCT = YES;
			};
			name = Release;
		};
		CDB227D223A50C2800831254 /* Debug */ = {
			isa = XCBuildConfiguration;
			buildSettings = {
				ASSETCATALOG_COMPILER_APPICON_NAME = AppIcon;
				CODE_SIGN_STYLE = Automatic;
				DEVELOPMENT_TEAM = "";
				INFOPLIST_FILE = NewsDetailsApp/Info.plist;
				LD_RUNPATH_SEARCH_PATHS = (
					"$(inherited)",
					"@executable_path/Frameworks",
				);
				PRODUCT_BUNDLE_IDENTIFIER = sydulu.NewsDetailsApp;
				PRODUCT_NAME = "$(TARGET_NAME)";
				SWIFT_VERSION = 4.2;
				TARGETED_DEVICE_FAMILY = "1,2";
			};
			name = Debug;
		};
		CDB227D323A50C2800831254 /* Release */ = {
			isa = XCBuildConfiguration;
			buildSettings = {
				ASSETCATALOG_COMPILER_APPICON_NAME = AppIcon;
				CODE_SIGN_STYLE = Automatic;
				DEVELOPMENT_TEAM = "";
				INFOPLIST_FILE = NewsDetailsApp/Info.plist;
				LD_RUNPATH_SEARCH_PATHS = (
					"$(inherited)",
					"@executable_path/Frameworks",
				);
				PRODUCT_BUNDLE_IDENTIFIER = sydulu.NewsDetailsApp;
				PRODUCT_NAME = "$(TARGET_NAME)";
				SWIFT_VERSION = 4.2;
				TARGETED_DEVICE_FAMILY = "1,2";
			};
			name = Release;
		};
		CDB227D523A50C2800831254 /* Debug */ = {
			isa = XCBuildConfiguration;
			buildSettings = {
				ALWAYS_EMBED_SWIFT_STANDARD_LIBRARIES = YES;
				BUNDLE_LOADER = "$(TEST_HOST)";
				CODE_SIGN_STYLE = Automatic;
				INFOPLIST_FILE = NewsDetailsAppTests/Info.plist;
				LD_RUNPATH_SEARCH_PATHS = (
					"$(inherited)",
					"@executable_path/Frameworks",
					"@loader_path/Frameworks",
				);
				PRODUCT_BUNDLE_IDENTIFIER = sydulu.NewsDetailsAppTests;
				PRODUCT_NAME = "$(TARGET_NAME)";
				SWIFT_VERSION = 4.2;
				TARGETED_DEVICE_FAMILY = "1,2";
				TEST_HOST = "$(BUILT_PRODUCTS_DIR)/NewsDetailsApp.app/NewsDetailsApp";
			};
			name = Debug;
		};
		CDB227D623A50C2800831254 /* Release */ = {
			isa = XCBuildConfiguration;
			buildSettings = {
				ALWAYS_EMBED_SWIFT_STANDARD_LIBRARIES = YES;
				BUNDLE_LOADER = "$(TEST_HOST)";
				CODE_SIGN_STYLE = Automatic;
				INFOPLIST_FILE = NewsDetailsAppTests/Info.plist;
				LD_RUNPATH_SEARCH_PATHS = (
					"$(inherited)",
					"@executable_path/Frameworks",
					"@loader_path/Frameworks",
				);
				PRODUCT_BUNDLE_IDENTIFIER = sydulu.NewsDetailsAppTests;
				PRODUCT_NAME = "$(TARGET_NAME)";
				SWIFT_VERSION = 4.2;
				TARGETED_DEVICE_FAMILY = "1,2";
				TEST_HOST = "$(BUILT_PRODUCTS_DIR)/NewsDetailsApp.app/NewsDetailsApp";
			};
			name = Release;
		};
		CDB227D823A50C2800831254 /* Debug */ = {
			isa = XCBuildConfiguration;
			buildSettings = {
				ALWAYS_EMBED_SWIFT_STANDARD_LIBRARIES = YES;
				CODE_SIGN_STYLE = Automatic;
				INFOPLIST_FILE = NewsDetailsAppUITests/Info.plist;
				LD_RUNPATH_SEARCH_PATHS = (
					"$(inherited)",
					"@executable_path/Frameworks",
					"@loader_path/Frameworks",
				);
				PRODUCT_BUNDLE_IDENTIFIER = sydulu.NewsDetailsAppUITests;
				PRODUCT_NAME = "$(TARGET_NAME)";
				SWIFT_VERSION = 4.2;
				TARGETED_DEVICE_FAMILY = "1,2";
				TEST_TARGET_NAME = NewsDetailsApp;
			};
			name = Debug;
		};
		CDB227D923A50C2800831254 /* Release */ = {
			isa = XCBuildConfiguration;
			buildSettings = {
				ALWAYS_EMBED_SWIFT_STANDARD_LIBRARIES = YES;
				CODE_SIGN_STYLE = Automatic;
				INFOPLIST_FILE = NewsDetailsAppUITests/Info.plist;
				LD_RUNPATH_SEARCH_PATHS = (
					"$(inherited)",
					"@executable_path/Frameworks",
					"@loader_path/Frameworks",
				);
				PRODUCT_BUNDLE_IDENTIFIER = sydulu.NewsDetailsAppUITests;
				PRODUCT_NAME = "$(TARGET_NAME)";
				SWIFT_VERSION = 4.2;
				TARGETED_DEVICE_FAMILY = "1,2";
				TEST_TARGET_NAME = NewsDetailsApp;
			};
			name = Release;
		};
/* End XCBuildConfiguration section */

/* Begin XCConfigurationList section */
		CDB227A423A50C2600831254 /* Build configuration list for PBXProject "NewsDetailsApp" */ = {
			isa = XCConfigurationList;
			buildConfigurations = (
				CDB227CF23A50C2800831254 /* Debug */,
				CDB227D023A50C2800831254 /* Release */,
			);
			defaultConfigurationIsVisible = 0;
			defaultConfigurationName = Release;
		};
		CDB227D123A50C2800831254 /* Build configuration list for PBXNativeTarget "NewsDetailsApp" */ = {
			isa = XCConfigurationList;
			buildConfigurations = (
				CDB227D223A50C2800831254 /* Debug */,
				CDB227D323A50C2800831254 /* Release */,
			);
			defaultConfigurationIsVisible = 0;
			defaultConfigurationName = Release;
		};
		CDB227D423A50C2800831254 /* Build configuration list for PBXNativeTarget "NewsDetailsAppTests" */ = {
			isa = XCConfigurationList;
			buildConfigurations = (
				CDB227D523A50C2800831254 /* Debug */,
				CDB227D623A50C2800831254 /* Release */,
			);
			defaultConfigurationIsVisible = 0;
			defaultConfigurationName = Release;
		};
		CDB227D723A50C2800831254 /* Build configuration list for PBXNativeTarget "NewsDetailsAppUITests" */ = {
			isa = XCConfigurationList;
			buildConfigurations = (
				CDB227D823A50C2800831254 /* Debug */,
				CDB227D923A50C2800831254 /* Release */,
			);
			defaultConfigurationIsVisible = 0;
			defaultConfigurationName = Release;
		};
/* End XCConfigurationList section */
	};
	rootObject = CDB227A123A50C2600831254 /* Project object */;
}
